
Microsoft Visual Studio Solution File, Format Version 12.00
Project("{FAE04EC0-301F-11D3-BF4B-00C04F79EFBC}") = "Services", "Services\Services.csproj", "{E10428B7-B629-404B-BE32-3963A4AE62AE}"
EndProject
Project("{FAE04EC0-301F-11D3-BF4B-00C04F79EFBC}") = "CalcApi", "CalcApi\CalcApi.csproj", "{59579CFF-695B-4094-A7AA-0D05DC895251}"
EndProject
Project("{FAE04EC0-301F-11D3-BF4B-00C04F79EFBC}") = "Tests", "Tests\Tests.csproj", "{190E9487-261C-4FA7-AC35-8CDB118E5AC2}"
EndProject
Global
	GlobalSection(SolutionConfigurationPlatforms) = preSolution
		Debug|Any CPU = Debug|Any CPU
		Release|Any CPU = Release|Any CPU
	EndGlobalSection
	GlobalSection(ProjectConfigurationPlatforms) = postSolution
		{E10428B7-B629-404B-BE32-3963A4AE62AE}.Debug|Any CPU.ActiveCfg = Debug|Any CPU
		{E10428B7-B629-404B-BE32-3963A4AE62AE}.Debug|Any CPU.Build.0 = Debug|Any CPU
		{E10428B7-B629-404B-BE32-3963A4AE62AE}.Release|Any CPU.ActiveCfg = Release|Any CPU
		{E10428B7-B629-404B-BE32-3963A4AE62AE}.Release|Any CPU.Build.0 = Release|Any CPU
		{59579CFF-695B-4094-A7AA-0D05DC895251}.Debug|Any CPU.ActiveCfg = Debug|Any CPU
		{59579CFF-695B-4094-A7AA-0D05DC895251}.Debug|Any CPU.Build.0 = Debug|Any CPU
		{59579CFF-695B-4094-A7AA-0D05DC895251}.Release|Any CPU.ActiveCfg = Release|Any CPU
		{59579CFF-695B-4094-A7AA-0D05DC895251}.Release|Any CPU.Build.0 = Release|Any CPU
		{190E9487-261C-4FA7-AC35-8CDB118E5AC2}.Debug|Any CPU.ActiveCfg = Debug|Any CPU
		{190E9487-261C-4FA7-AC35-8CDB118E5AC2}.Debug|Any CPU.Build.0 = Debug|Any CPU
		{190E9487-261C-4FA7-AC35-8CDB118E5AC2}.Release|Any CPU.ActiveCfg = Release|Any CPU
		{190E9487-261C-4FA7-AC35-8CDB118E5AC2}.Release|Any CPU.Build.0 = Release|Any CPU
	EndGlobalSection
EndGlobal
